
Microsoft Visual Studio Solution File, Format Version 12.00
# Visual Studio 15
VisualStudioVersion = 15.0.28010.2041
MinimumVisualStudioVersion = 10.0.40219.1
Project("{00D1A9C2-B5F0-4AF3-8072-F6C62B433612}") = "DevOps", "DevOps.sqlproj", "{1CA19D68-BBEA-4B2A-BE8D-6E16DE18295E}"
EndProject
Global
	GlobalSection(SolutionConfigurationPlatforms) = preSolution
		Debug|Any CPU = Debug|Any CPU
		Release|Any CPU = Release|Any CPU
	EndGlobalSection
	GlobalSection(ProjectConfigurationPlatforms) = postSolution
		{1CA19D68-BBEA-4B2A-BE8D-6E16DE18295E}.Debug|Any CPU.ActiveCfg = Debug|Any CPU
		{1CA19D68-BBEA-4B2A-BE8D-6E16DE18295E}.Debug|Any CPU.Build.0 = Debug|Any CPU
		{1CA19D68-BBEA-4B2A-BE8D-6E16DE18295E}.Debug|Any CPU.Deploy.0 = Debug|Any CPU
		{1CA19D68-BBEA-4B2A-BE8D-6E16DE18295E}.Release|Any CPU.ActiveCfg = Release|Any CPU
		{1CA19D68-BBEA-4B2A-BE8D-6E16DE18295E}.Release|Any CPU.Build.0 = Release|Any CPU
		{1CA19D68-BBEA-4B2A-BE8D-6E16DE18295E}.Release|Any CPU.Deploy.0 = Release|Any CPU
	EndGlobalSection
	GlobalSection(SolutionProperties) = preSolution
		HideSolutionNode = FALSE
	EndGlobalSection
	GlobalSection(ExtensibilityGlobals) = postSolution
		SolutionGuid = {2F28CE1E-4621-40D2-8738-22D9AE457CB0}
	EndGlobalSection
EndGlobal
